// !$*UTF8*$!
{
	archiveVersion = 1;
	classes = {
	};
	objectVersion = 56;
	objects = {

/* Begin PBXBuildFile section */
		936C629F2C56CAE8003E7D7F /* SwiftUIDependencyInjectionApp.swift in Sources */ = {isa = PBXBuildFile; fileRef = 936C629E2C56CAE8003E7D7F /* SwiftUIDependencyInjectionApp.swift */; };
		936C62A12C56CAE8003E7D7F /* ContentView.swift in Sources */ = {isa = PBXBuildFile; fileRef = 936C62A02C56CAE8003E7D7F /* ContentView.swift */; };
		936C62A32C56CAE9003E7D7F /* Assets.xcassets in Resources */ = {isa = PBXBuildFile; fileRef = 936C62A22C56CAE9003E7D7F /* Assets.xcassets */; };
		936C62A62C56CAE9003E7D7F /* Preview Assets.xcassets in Resources */ = {isa = PBXBuildFile; fileRef = 936C62A52C56CAE9003E7D7F /* Preview Assets.xcassets */; };
		936C62AD2C56CB00003E7D7F /* OptionView.swift in Sources */ = {isa = PBXBuildFile; fileRef = 936C62AC2C56CB00003E7D7F /* OptionView.swift */; };
		936C62AF2C56CB44003E7D7F /* User.swift in Sources */ = {isa = PBXBuildFile; fileRef = 936C62AE2C56CB44003E7D7F /* User.swift */; };
		936C62B12C56CB66003E7D7F /* Common.swift in Sources */ = {isa = PBXBuildFile; fileRef = 936C62B02C56CB66003E7D7F /* Common.swift */; };
		936C62B32C56DECD003E7D7F /* NetworkSession.swift in Sources */ = {isa = PBXBuildFile; fileRef = 936C62B22C56DECD003E7D7F /* NetworkSession.swift */; };
		936C62B62C56DF7C003E7D7F /* Alamofire in Frameworks */ = {isa = PBXBuildFile; productRef = 936C62B52C56DF7C003E7D7F /* Alamofire */; };
		936C62B82C56DFAC003E7D7F /* UserViewModel.swift in Sources */ = {isa = PBXBuildFile; fileRef = 936C62B72C56DFAC003E7D7F /* UserViewModel.swift */; };
		936C62BA2C56DFFE003E7D7F /* UserDefaultsManager.swift in Sources */ = {isa = PBXBuildFile; fileRef = 936C62B92C56DFFE003E7D7F /* UserDefaultsManager.swift */; };
		936C62BC2C56E116003E7D7F /* CacheManager.swift in Sources */ = {isa = PBXBuildFile; fileRef = 936C62BB2C56E116003E7D7F /* CacheManager.swift */; };
		936C62BE2C56E41D003E7D7F /* CoreDataManager.swift in Sources */ = {isa = PBXBuildFile; fileRef = 936C62BD2C56E41D003E7D7F /* CoreDataManager.swift */; };
		936C62C02C56E49F003E7D7F /* PersistenceController.swift in Sources */ = {isa = PBXBuildFile; fileRef = 936C62BF2C56E49F003E7D7F /* PersistenceController.swift */; };
		936C62C32C572904003E7D7F /* CoreDataModels.xcdatamodeld in Sources */ = {isa = PBXBuildFile; fileRef = 936C62C12C572904003E7D7F /* CoreDataModels.xcdatamodeld */; };
		93A2E1B82C614DA9005EC7CD /* UserParser.swift in Sources */ = {isa = PBXBuildFile; fileRef = 93A2E1B72C614DA9005EC7CD /* UserParser.swift */; };
/* End PBXBuildFile section */

/* Begin PBXFileReference section */
		936C629B2C56CAE8003E7D7F /* SwiftUIDependencyInjection.app */ = {isa = PBXFileReference; explicitFileType = wrapper.application; includeInIndex = 0; path = SwiftUIDependencyInjection.app; sourceTree = BUILT_PRODUCTS_DIR; };
		936C629E2C56CAE8003E7D7F /* SwiftUIDependencyInjectionApp.swift */ = {isa = PBXFileReference; lastKnownFileType = sourcecode.swift; path = SwiftUIDependencyInjectionApp.swift; sourceTree = "<group>"; };
		936C62A02C56CAE8003E7D7F /* ContentView.swift */ = {isa = PBXFileReference; lastKnownFileType = sourcecode.swift; path = ContentView.swift; sourceTree = "<group>"; };
		936C62A22C56CAE9003E7D7F /* Assets.xcassets */ = {isa = PBXFileReference; lastKnownFileType = folder.assetcatalog; path = Assets.xcassets; sourceTree = "<group>"; };
		936C62A52C56CAE9003E7D7F /* Preview Assets.xcassets */ = {isa = PBXFileReference; lastKnownFileType = folder.assetcatalog; path = "Preview Assets.xcassets"; sourceTree = "<group>"; };
		936C62AC2C56CB00003E7D7F /* OptionView.swift */ = {isa = PBXFileReference; lastKnownFileType = sourcecode.swift; path = OptionView.swift; sourceTree = "<group>"; };
		936C62AE2C56CB44003E7D7F /* User.swift */ = {isa = PBXFileReference; lastKnownFileType = sourcecode.swift; path = User.swift; sourceTree = "<group>"; };
		936C62B02C56CB66003E7D7F /* Common.swift */ = {isa = PBXFileReference; lastKnownFileType = sourcecode.swift; path = Common.swift; sourceTree = "<group>"; };
		936C62B22C56DECD003E7D7F /* NetworkSession.swift */ = {isa = PBXFileReference; lastKnownFileType = sourcecode.swift; path = NetworkSession.swift; sourceTree = "<group>"; };
		936C62B72C56DFAC003E7D7F /* UserViewModel.swift */ = {isa = PBXFileReference; lastKnownFileType = sourcecode.swift; path = UserViewModel.swift; sourceTree = "<group>"; };
		936C62B92C56DFFE003E7D7F /* UserDefaultsManager.swift */ = {isa = PBXFileReference; lastKnownFileType = sourcecode.swift; path = UserDefaultsManager.swift; sourceTree = "<group>"; };
		936C62BB2C56E116003E7D7F /* CacheManager.swift */ = {isa = PBXFileReference; lastKnownFileType = sourcecode.swift; path = CacheManager.swift; sourceTree = "<group>"; };
		936C62BD2C56E41D003E7D7F /* CoreDataManager.swift */ = {isa = PBXFileReference; lastKnownFileType = sourcecode.swift; path = CoreDataManager.swift; sourceTree = "<group>"; };
		936C62BF2C56E49F003E7D7F /* PersistenceController.swift */ = {isa = PBXFileReference; lastKnownFileType = sourcecode.swift; path = PersistenceController.swift; sourceTree = "<group>"; };
		936C62C22C572904003E7D7F /* CoreDataModels.xcdatamodel */ = {isa = PBXFileReference; lastKnownFileType = wrapper.xcdatamodel; path = CoreDataModels.xcdatamodel; sourceTree = "<group>"; };
		93A2E1B72C614DA9005EC7CD /* UserParser.swift */ = {isa = PBXFileReference; lastKnownFileType = sourcecode.swift; path = UserParser.swift; sourceTree = "<group>"; };
/* End PBXFileReference section */

/* Begin PBXFrameworksBuildPhase section */
		936C62982C56CAE8003E7D7F /* Frameworks */ = {
			isa = PBXFrameworksBuildPhase;
			buildActionMask = 2147483647;
			files = (
				936C62B62C56DF7C003E7D7F /* Alamofire in Frameworks */,
			);
			runOnlyForDeploymentPostprocessing = 0;
		};
/* End PBXFrameworksBuildPhase section */

/* Begin PBXGroup section */
		936C62922C56CAE8003E7D7F = {
			isa = PBXGroup;
			children = (
				936C629D2C56CAE8003E7D7F /* SwiftUIDependencyInjection */,
				936C629C2C56CAE8003E7D7F /* Products */,
			);
			sourceTree = "<group>";
		};
		936C629C2C56CAE8003E7D7F /* Products */ = {
			isa = PBXGroup;
			children = (
				936C629B2C56CAE8003E7D7F /* SwiftUIDependencyInjection.app */,
			);
			name = Products;
			sourceTree = "<group>";
		};
		936C629D2C56CAE8003E7D7F /* SwiftUIDependencyInjection */ = {
			isa = PBXGroup;
			children = (
				93A2E1B62C614D95005EC7CD /* Utility */,
				936C629E2C56CAE8003E7D7F /* SwiftUIDependencyInjectionApp.swift */,
				936C62D02C57449A003E7D7F /* ViewModel */,
				936C62CF2C574493003E7D7F /* Model */,
				936C62CE2C57448B003E7D7F /* View */,
				936C62D12C5744C0003E7D7F /* Common */,
				936C62D22C5744E3003E7D7F /* Network */,
				936C62D32C5744F6003E7D7F /* SaveData */,
				936C62A22C56CAE9003E7D7F /* Assets.xcassets */,
				936C62A42C56CAE9003E7D7F /* Preview Content */,
			);
			path = SwiftUIDependencyInjection;
			sourceTree = "<group>";
		};
		936C62A42C56CAE9003E7D7F /* Preview Content */ = {
			isa = PBXGroup;
			children = (
				936C62A52C56CAE9003E7D7F /* Preview Assets.xcassets */,
			);
			path = "Preview Content";
			sourceTree = "<group>";
		};
		936C62CE2C57448B003E7D7F /* View */ = {
			isa = PBXGroup;
			children = (
				936C62A02C56CAE8003E7D7F /* ContentView.swift */,
				936C62AC2C56CB00003E7D7F /* OptionView.swift */,
			);
			path = View;
			sourceTree = "<group>";
		};
		936C62CF2C574493003E7D7F /* Model */ = {
			isa = PBXGroup;
			children = (
				936C62AE2C56CB44003E7D7F /* User.swift */,
			);
			path = Model;
			sourceTree = "<group>";
		};
		936C62D02C57449A003E7D7F /* ViewModel */ = {
			isa = PBXGroup;
			children = (
				936C62B72C56DFAC003E7D7F /* UserViewModel.swift */,
			);
			path = ViewModel;
			sourceTree = "<group>";
		};
		936C62D12C5744C0003E7D7F /* Common */ = {
			isa = PBXGroup;
			children = (
				936C62B02C56CB66003E7D7F /* Common.swift */,
			);
			path = Common;
			sourceTree = "<group>";
		};
		936C62D22C5744E3003E7D7F /* Network */ = {
			isa = PBXGroup;
			children = (
				936C62B22C56DECD003E7D7F /* NetworkSession.swift */,
			);
			path = Network;
			sourceTree = "<group>";
		};
		936C62D32C5744F6003E7D7F /* SaveData */ = {
			isa = PBXGroup;
			children = (
				936C62B92C56DFFE003E7D7F /* UserDefaultsManager.swift */,
				936C62BB2C56E116003E7D7F /* CacheManager.swift */,
				936C62D42C574501003E7D7F /* CoreData */,
			);
			path = SaveData;
			sourceTree = "<group>";
		};
		936C62D42C574501003E7D7F /* CoreData */ = {
			isa = PBXGroup;
			children = (
				936C62BD2C56E41D003E7D7F /* CoreDataManager.swift */,
				936C62BF2C56E49F003E7D7F /* PersistenceController.swift */,
				936C62C12C572904003E7D7F /* CoreDataModels.xcdatamodeld */,
			);
			path = CoreData;
			sourceTree = "<group>";
		};
		93A2E1B62C614D95005EC7CD /* Utility */ = {
			isa = PBXGroup;
			children = (
				93A2E1B72C614DA9005EC7CD /* UserParser.swift */,
			);
			path = Utility;
			sourceTree = "<group>";
		};
/* End PBXGroup section */

/* Begin PBXNativeTarget section */
		936C629A2C56CAE8003E7D7F /* SwiftUIDependencyInjection */ = {
			isa = PBXNativeTarget;
			buildConfigurationList = 936C62A92C56CAE9003E7D7F /* Build configuration list for PBXNativeTarget "SwiftUIDependencyInjection" */;
			buildPhases = (
				936C62972C56CAE8003E7D7F /* Sources */,
				936C62982C56CAE8003E7D7F /* Frameworks */,
				936C62992C56CAE8003E7D7F /* Resources */,
			);
			buildRules = (
			);
			dependencies = (
			);
			name = SwiftUIDependencyInjection;
			packageProductDependencies = (
				936C62B52C56DF7C003E7D7F /* Alamofire */,
			);
			productName = SwiftUIDependencyInjection;
			productReference = 936C629B2C56CAE8003E7D7F /* SwiftUIDependencyInjection.app */;
			productType = "com.apple.product-type.application";
		};
/* End PBXNativeTarget section */

/* Begin PBXProject section */
		936C62932C56CAE8003E7D7F /* Project object */ = {
			isa = PBXProject;
			attributes = {
				BuildIndependentTargetsInParallel = 1;
				LastSwiftUpdateCheck = 1540;
				LastUpgradeCheck = 1540;
				TargetAttributes = {
					936C629A2C56CAE8003E7D7F = {
						CreatedOnToolsVersion = 15.4;
					};
				};
			};
			buildConfigurationList = 936C62962C56CAE8003E7D7F /* Build configuration list for PBXProject "SwiftUIDependencyInjection" */;
			compatibilityVersion = "Xcode 14.0";
			developmentRegion = en;
			hasScannedForEncodings = 0;
			knownRegions = (
				en,
				Base,
			);
			mainGroup = 936C62922C56CAE8003E7D7F;
			packageReferences = (
				936C62B42C56DF7C003E7D7F /* XCRemoteSwiftPackageReference "Alamofire" */,
			);
			productRefGroup = 936C629C2C56CAE8003E7D7F /* Products */;
			projectDirPath = "";
			projectRoot = "";
			targets = (
				936C629A2C56CAE8003E7D7F /* SwiftUIDependencyInjection */,
			);
		};
/* End PBXProject section */

/* Begin PBXResourcesBuildPhase section */
		936C62992C56CAE8003E7D7F /* Resources */ = {
			isa = PBXResourcesBuildPhase;
			buildActionMask = 2147483647;
			files = (
				936C62A62C56CAE9003E7D7F /* Preview Assets.xcassets in Resources */,
				936C62A32C56CAE9003E7D7F /* Assets.xcassets in Resources */,
			);
			runOnlyForDeploymentPostprocessing = 0;
		};
/* End PBXResourcesBuildPhase section */

/* Begin PBXSourcesBuildPhase section */
		936C62972C56CAE8003E7D7F /* Sources */ = {
			isa = PBXSourcesBuildPhase;
			buildActionMask = 2147483647;
			files = (
				936C62A12C56CAE8003E7D7F /* ContentView.swift in Sources */,
				936C62BC2C56E116003E7D7F /* CacheManager.swift in Sources */,
				936C62AD2C56CB00003E7D7F /* OptionView.swift in Sources */,
				93A2E1B82C614DA9005EC7CD /* UserParser.swift in Sources */,
				936C62AF2C56CB44003E7D7F /* User.swift in Sources */,
				936C62C02C56E49F003E7D7F /* PersistenceController.swift in Sources */,
				936C62B32C56DECD003E7D7F /* NetworkSession.swift in Sources */,
				936C62B12C56CB66003E7D7F /* Common.swift in Sources */,
				936C62B82C56DFAC003E7D7F /* UserViewModel.swift in Sources */,
				936C62BA2C56DFFE003E7D7F /* UserDefaultsManager.swift in Sources */,
				936C62BE2C56E41D003E7D7F /* CoreDataManager.swift in Sources */,
				936C62C32C572904003E7D7F /* CoreDataModels.xcdatamodeld in Sources */,
				936C629F2C56CAE8003E7D7F /* SwiftUIDependencyInjectionApp.swift in Sources */,
			);
			runOnlyForDeploymentPostprocessing = 0;
		};
/* End PBXSourcesBuildPhase section */

/* Begin XCBuildConfiguration section */
		936C62A72C56CAE9003E7D7F /* Debug */ = {
			isa = XCBuildConfiguration;
			buildSettings = {
				ALWAYS_SEARCH_USER_PATHS = NO;
				ASSETCATALOG_COMPILER_GENERATE_SWIFT_ASSET_SYMBOL_EXTENSIONS = YES;
				CLANG_ANALYZER_NONNULL = YES;
				CLANG_ANALYZER_NUMBER_OBJECT_CONVERSION = YES_AGGRESSIVE;
				CLANG_CXX_LANGUAGE_STANDARD = "gnu++20";
				CLANG_ENABLE_MODULES = YES;
				CLANG_ENABLE_OBJC_ARC = YES;
				CLANG_ENABLE_OBJC_WEAK = YES;
				CLANG_WARN_BLOCK_CAPTURE_AUTORELEASING = YES;
				CLANG_WARN_BOOL_CONVERSION = YES;
				CLANG_WARN_COMMA = YES;
				CLANG_WARN_CONSTANT_CONVERSION = YES;
				CLANG_WARN_DEPRECATED_OBJC_IMPLEMENTATIONS = YES;
				CLANG_WARN_DIRECT_OBJC_ISA_USAGE = YES_ERROR;
				CLANG_WARN_DOCUMENTATION_COMMENTS = YES;
				CLANG_WARN_EMPTY_BODY = YES;
				CLANG_WARN_ENUM_CONVERSION = YES;
				CLANG_WARN_INFINITE_RECURSION = YES;
				CLANG_WARN_INT_CONVERSION = YES;
				CLANG_WARN_NON_LITERAL_NULL_CONVERSION = YES;
				CLANG_WARN_OBJC_IMPLICIT_RETAIN_SELF = YES;
				CLANG_WARN_OBJC_LITERAL_CONVERSION = YES;
				CLANG_WARN_OBJC_ROOT_CLASS = YES_ERROR;
				CLANG_WARN_QUOTED_INCLUDE_IN_FRAMEWORK_HEADER = YES;
				CLANG_WARN_RANGE_LOOP_ANALYSIS = YES;
				CLANG_WARN_STRICT_PROTOTYPES = YES;
				CLANG_WARN_SUSPICIOUS_MOVE = YES;
				CLANG_WARN_UNGUARDED_AVAILABILITY = YES_AGGRESSIVE;
				CLANG_WARN_UNREACHABLE_CODE = YES;
				CLANG_WARN__DUPLICATE_METHOD_MATCH = YES;
				COPY_PHASE_STRIP = NO;
				DEBUG_INFORMATION_FORMAT = dwarf;
				ENABLE_STRICT_OBJC_MSGSEND = YES;
				ENABLE_TESTABILITY = YES;
				ENABLE_USER_SCRIPT_SANDBOXING = YES;
				GCC_C_LANGUAGE_STANDARD = gnu17;
				GCC_DYNAMIC_NO_PIC = NO;
				GCC_NO_COMMON_BLOCKS = YES;
				GCC_OPTIMIZATION_LEVEL = 0;
				GCC_PREPROCESSOR_DEFINITIONS = (
					"DEBUG=1",
					"$(inherited)",
				);
				GCC_WARN_64_TO_32_BIT_CONVERSION = YES;
				GCC_WARN_ABOUT_RETURN_TYPE = YES_ERROR;
				GCC_WARN_UNDECLARED_SELECTOR = YES;
				GCC_WARN_UNINITIALIZED_AUTOS = YES_AGGRESSIVE;
				GCC_WARN_UNUSED_FUNCTION = YES;
				GCC_WARN_UNUSED_VARIABLE = YES;
				IPHONEOS_DEPLOYMENT_TARGET = 17.5;
				LOCALIZATION_PREFERS_STRING_CATALOGS = YES;
				MTL_ENABLE_DEBUG_INFO = INCLUDE_SOURCE;
				MTL_FAST_MATH = YES;
				ONLY_ACTIVE_ARCH = YES;
				SDKROOT = iphoneos;
				SWIFT_ACTIVE_COMPILATION_CONDITIONS = "DEBUG $(inherited)";
				SWIFT_OPTIMIZATION_LEVEL = "-Onone";
			};
			name = Debug;
		};
		936C62A82C56CAE9003E7D7F /* Release */ = {
			isa = XCBuildConfiguration;
			buildSettings = {
				ALWAYS_SEARCH_USER_PATHS = NO;
				ASSETCATALOG_COMPILER_GENERATE_SWIFT_ASSET_SYMBOL_EXTENSIONS = YES;
				CLANG_ANALYZER_NONNULL = YES;
				CLANG_ANALYZER_NUMBER_OBJECT_CONVERSION = YES_AGGRESSIVE;
				CLANG_CXX_LANGUAGE_STANDARD = "gnu++20";
				CLANG_ENABLE_MODULES = YES;
				CLANG_ENABLE_OBJC_ARC = YES;
				CLANG_ENABLE_OBJC_WEAK = YES;
				CLANG_WARN_BLOCK_CAPTURE_AUTORELEASING = YES;
				CLANG_WARN_BOOL_CONVERSION = YES;
				CLANG_WARN_COMMA = YES;
				CLANG_WARN_CONSTANT_CONVERSION = YES;
				CLANG_WARN_DEPRECATED_OBJC_IMPLEMENTATIONS = YES;
				CLANG_WARN_DIRECT_OBJC_ISA_USAGE = YES_ERROR;
				CLANG_WARN_DOCUMENTATION_COMMENTS = YES;
				CLANG_WARN_EMPTY_BODY = YES;
				CLANG_WARN_ENUM_CONVERSION = YES;
				CLANG_WARN_INFINITE_RECURSION = YES;
				CLANG_WARN_INT_CONVERSION = YES;
				CLANG_WARN_NON_LITERAL_NULL_CONVERSION = YES;
				CLANG_WARN_OBJC_IMPLICIT_RETAIN_SELF = YES;
				CLANG_WARN_OBJC_LITERAL_CONVERSION = YES;
				CLANG_WARN_OBJC_ROOT_CLASS = YES_ERROR;
				CLANG_WARN_QUOTED_INCLUDE_IN_FRAMEWORK_HEADER = YES;
				CLANG_WARN_RANGE_LOOP_ANALYSIS = YES;
				CLANG_WARN_STRICT_PROTOTYPES = YES;
				CLANG_WARN_SUSPICIOUS_MOVE = YES;
				CLANG_WARN_UNGUARDED_AVAILABILITY = YES_AGGRESSIVE;
				CLANG_WARN_UNREACHABLE_CODE = YES;
				CLANG_WARN__DUPLICATE_METHOD_MATCH = YES;
				COPY_PHASE_STRIP = NO;
				DEBUG_INFORMATION_FORMAT = "dwarf-with-dsym";
				ENABLE_NS_ASSERTIONS = NO;
				ENABLE_STRICT_OBJC_MSGSEND = YES;
				ENABLE_USER_SCRIPT_SANDBOXING = YES;
				GCC_C_LANGUAGE_STANDARD = gnu17;
				GCC_NO_COMMON_BLOCKS = YES;
				GCC_WARN_64_TO_32_BIT_CONVERSION = YES;
				GCC_WARN_ABOUT_RETURN_TYPE = YES_ERROR;
				GCC_WARN_UNDECLARED_SELECTOR = YES;
				GCC_WARN_UNINITIALIZED_AUTOS = YES_AGGRESSIVE;
				GCC_WARN_UNUSED_FUNCTION = YES;
				GCC_WARN_UNUSED_VARIABLE = YES;
				IPHONEOS_DEPLOYMENT_TARGET = 17.5;
				LOCALIZATION_PREFERS_STRING_CATALOGS = YES;
				MTL_ENABLE_DEBUG_INFO = NO;
				MTL_FAST_MATH = YES;
				SDKROOT = iphoneos;
				SWIFT_COMPILATION_MODE = wholemodule;
				VALIDATE_PRODUCT = YES;
			};
			name = Release;
		};
		936C62AA2C56CAE9003E7D7F /* Debug */ = {
			isa = XCBuildConfiguration;
			buildSettings = {
				ASSETCATALOG_COMPILER_APPICON_NAME = AppIcon;
				ASSETCATALOG_COMPILER_GLOBAL_ACCENT_COLOR_NAME = AccentColor;
				CODE_SIGN_STYLE = Automatic;
				CURRENT_PROJECT_VERSION = 1;
				DEVELOPMENT_ASSET_PATHS = "\"SwiftUIDependencyInjection/Preview Content\"";
				DEVELOPMENT_TEAM = PRAK7FCXFF;
				ENABLE_PREVIEWS = YES;
				GENERATE_INFOPLIST_FILE = YES;
				INFOPLIST_KEY_UIApplicationSceneManifest_Generation = YES;
				INFOPLIST_KEY_UIApplicationSupportsIndirectInputEvents = YES;
				INFOPLIST_KEY_UILaunchScreen_Generation = YES;
				INFOPLIST_KEY_UISupportedInterfaceOrientations_iPad = "UIInterfaceOrientationPortrait UIInterfaceOrientationPortraitUpsideDown UIInterfaceOrientationLandscapeLeft UIInterfaceOrientationLandscapeRight";
				INFOPLIST_KEY_UISupportedInterfaceOrientations_iPhone = "UIInterfaceOrientationPortrait UIInterfaceOrientationLandscapeLeft UIInterfaceOrientationLandscapeRight";
				LD_RUNPATH_SEARCH_PATHS = (
					"$(inherited)",
					"@executable_path/Frameworks",
				);
				MARKETING_VERSION = 1.0;
				PRODUCT_BUNDLE_IDENTIFIER = com.siranli.development.SwiftUIDependencyInjection;
				PRODUCT_NAME = "$(TARGET_NAME)";
				SWIFT_EMIT_LOC_STRINGS = YES;
				SWIFT_VERSION = 5.0;
				TARGETED_DEVICE_FAMILY = "1,2";
			};
			name = Debug;
		};
		936C62AB2C56CAE9003E7D7F /* Release */ = {
			isa = XCBuildConfiguration;
			buildSettings = {
				ASSETCATALOG_COMPILER_APPICON_NAME = AppIcon;
				ASSETCATALOG_COMPILER_GLOBAL_ACCENT_COLOR_NAME = AccentColor;
				CODE_SIGN_STYLE = Automatic;
				CURRENT_PROJECT_VERSION = 1;
				DEVELOPMENT_ASSET_PATHS = "\"SwiftUIDependencyInjection/Preview Content\"";
				DEVELOPMENT_TEAM = PRAK7FCXFF;
				ENABLE_PREVIEWS = YES;
				GENERATE_INFOPLIST_FILE = YES;
				INFOPLIST_KEY_UIApplicationSceneManifest_Generation = YES;
				INFOPLIST_KEY_UIApplicationSupportsIndirectInputEvents = YES;
				INFOPLIST_KEY_UILaunchScreen_Generation = YES;
				INFOPLIST_KEY_UISupportedInterfaceOrientations_iPad = "UIInterfaceOrientationPortrait UIInterfaceOrientationPortraitUpsideDown UIInterfaceOrientationLandscapeLeft UIInterfaceOrientationLandscapeRight";
				INFOPLIST_KEY_UISupportedInterfaceOrientations_iPhone = "UIInterfaceOrientationPortrait UIInterfaceOrientationLandscapeLeft UIInterfaceOrientationLandscapeRight";
				LD_RUNPATH_SEARCH_PATHS = (
					"$(inherited)",
					"@executable_path/Frameworks",
				);
				MARKETING_VERSION = 1.0;
				PRODUCT_BUNDLE_IDENTIFIER = com.siranli.development.SwiftUIDependencyInjection;
				PRODUCT_NAME = "$(TARGET_NAME)";
				SWIFT_EMIT_LOC_STRINGS = YES;
				SWIFT_VERSION = 5.0;
				TARGETED_DEVICE_FAMILY = "1,2";
			};
			name = Release;
		};
/* End XCBuildConfiguration section */

/* Begin XCConfigurationList section */
		936C62962C56CAE8003E7D7F /* Build configuration list for PBXProject "SwiftUIDependencyInjection" */ = {
			isa = XCConfigurationList;
			buildConfigurations = (
				936C62A72C56CAE9003E7D7F /* Debug */,
				936C62A82C56CAE9003E7D7F /* Release */,
			);
			defaultConfigurationIsVisible = 0;
			defaultConfigurationName = Release;
		};
		936C62A92C56CAE9003E7D7F /* Build configuration list for PBXNativeTarget "SwiftUIDependencyInjection" */ = {
			isa = XCConfigurationList;
			buildConfigurations = (
				936C62AA2C56CAE9003E7D7F /* Debug */,
				936C62AB2C56CAE9003E7D7F /* Release */,
			);
			defaultConfigurationIsVisible = 0;
			defaultConfigurationName = Release;
		};
/* End XCConfigurationList section */

/* Begin XCRemoteSwiftPackageReference section */
		936C62B42C56DF7C003E7D7F /* XCRemoteSwiftPackageReference "Alamofire" */ = {
			isa = XCRemoteSwiftPackageReference;
			repositoryURL = "https://github.com/Alamofire/Alamofire";
			requirement = {
				kind = upToNextMajorVersion;
				minimumVersion = 5.9.1;
			};
		};
/* End XCRemoteSwiftPackageReference section */

/* Begin XCSwiftPackageProductDependency section */
		936C62B52C56DF7C003E7D7F /* Alamofire */ = {
			isa = XCSwiftPackageProductDependency;
			package = 936C62B42C56DF7C003E7D7F /* XCRemoteSwiftPackageReference "Alamofire" */;
			productName = Alamofire;
		};
/* End XCSwiftPackageProductDependency section */

/* Begin XCVersionGroup section */
		936C62C12C572904003E7D7F /* CoreDataModels.xcdatamodeld */ = {
			isa = XCVersionGroup;
			children = (
				936C62C22C572904003E7D7F /* CoreDataModels.xcdatamodel */,
			);
			currentVersion = 936C62C22C572904003E7D7F /* CoreDataModels.xcdatamodel */;
			path = CoreDataModels.xcdatamodeld;
			sourceTree = "<group>";
			versionGroupType = wrapper.xcdatamodel;
		};
/* End XCVersionGroup section */
	};
	rootObject = 936C62932C56CAE8003E7D7F /* Project object */;
}
